// !$*UTF8*$!
{
	archiveVersion = 1;
	classes = {
	};
	objectVersion = 46;
	objects = {

/* Begin PBXBuildFile section */
		A57A4BEC1A30B57400DA7FB5 /* main.m in Sources */ = {isa = PBXBuildFile; fileRef = A57A4BEB1A30B57400DA7FB5 /* main.m */; };
		A57A4BEF1A30B57400DA7FB5 /* AppDelegate.m in Sources */ = {isa = PBXBuildFile; fileRef = A57A4BEE1A30B57400DA7FB5 /* AppDelegate.m */; };
		A57A4BF21A30B57400DA7FB5 /* FirstViewController.mm in Sources */ = {isa = PBXBuildFile; fileRef = A57A4BF11A30B57400DA7FB5 /* FirstViewController.mm */; };
		A57A4BF51A30B57400DA7FB5 /* SecondViewController.m in Sources */ = {isa = PBXBuildFile; fileRef = A57A4BF41A30B57400DA7FB5 /* SecondViewController.m */; };
		A57A4BF81A30B57400DA7FB5 /* Main.storyboard in Resources */ = {isa = PBXBuildFile; fileRef = A57A4BF61A30B57400DA7FB5 /* Main.storyboard */; };
		A57A4BFA1A30B57400DA7FB5 /* Images.xcassets in Resources */ = {isa = PBXBuildFile; fileRef = A57A4BF91A30B57400DA7FB5 /* Images.xcassets */; };
		A57A4BFD1A30B57400DA7FB5 /* LaunchScreen.xib in Resources */ = {isa = PBXBuildFile; fileRef = A57A4BFB1A30B57400DA7FB5 /* LaunchScreen.xib */; };
		A57A4C091A30B57400DA7FB5 /* HeatFeastTests.m in Sources */ = {isa = PBXBuildFile; fileRef = A57A4C081A30B57400DA7FB5 /* HeatFeastTests.m */; };
/* End PBXBuildFile section */

/* Begin PBXContainerItemProxy section */
		A57A4C031A30B57400DA7FB5 /* PBXContainerItemProxy */ = {
			isa = PBXContainerItemProxy;
			containerPortal = A57A4BDE1A30B57400DA7FB5 /* Project object */;
			proxyType = 1;
			remoteGlobalIDString = A57A4BE51A30B57400DA7FB5;
			remoteInfo = HeatFeast;
		};
/* End PBXContainerItemProxy section */

/* Begin PBXFileReference section */
		A57A4BE61A30B57400DA7FB5 /* HeatFeast.app */ = {isa = PBXFileReference; explicitFileType = wrapper.application; includeInIndex = 0; path = HeatFeast.app; sourceTree = BUILT_PRODUCTS_DIR; };
		A57A4BEA1A30B57400DA7FB5 /* Info.plist */ = {isa = PBXFileReference; lastKnownFileType = text.plist.xml; path = Info.plist; sourceTree = "<group>"; };
		A57A4BEB1A30B57400DA7FB5 /* main.m */ = {isa = PBXFileReference; lastKnownFileType = sourcecode.c.objc; path = main.m; sourceTree = "<group>"; };
		A57A4BED1A30B57400DA7FB5 /* AppDelegate.h */ = {isa = PBXFileReference; lastKnownFileType = sourcecode.c.h; path = AppDelegate.h; sourceTree = "<group>"; };
		A57A4BEE1A30B57400DA7FB5 /* AppDelegate.m */ = {isa = PBXFileReference; lastKnownFileType = sourcecode.c.objc; path = AppDelegate.m; sourceTree = "<group>"; };
		A57A4BF01A30B57400DA7FB5 /* FirstViewController.h */ = {isa = PBXFileReference; lastKnownFileType = sourcecode.c.h; path = FirstViewController.h; sourceTree = "<group>"; };
		A57A4BF11A30B57400DA7FB5 /* FirstViewController.mm */ = {isa = PBXFileReference; lastKnownFileType = sourcecode.cpp.objcpp; path = FirstViewController.mm; sourceTree = "<group>"; };
		A57A4BF31A30B57400DA7FB5 /* SecondViewController.h */ = {isa = PBXFileReference; lastKnownFileType = sourcecode.c.h; path = SecondViewController.h; sourceTree = "<group>"; };
		A57A4BF41A30B57400DA7FB5 /* SecondViewController.m */ = {isa = PBXFileReference; lastKnownFileType = sourcecode.c.objc; path = SecondViewController.m; sourceTree = "<group>"; };
		A57A4BF71A30B57400DA7FB5 /* Base */ = {isa = PBXFileReference; lastKnownFileType = file.storyboard; name = Base; path = Base.lproj/Main.storyboard; sourceTree = "<group>"; };
		A57A4BF91A30B57400DA7FB5 /* Images.xcassets */ = {isa = PBXFileReference; lastKnownFileType = folder.assetcatalog; path = Images.xcassets; sourceTree = "<group>"; };
		A57A4BFC1A30B57400DA7FB5 /* Base */ = {isa = PBXFileReference; lastKnownFileType = file.xib; name = Base; path = Base.lproj/LaunchScreen.xib; sourceTree = "<group>"; };
		A57A4C021A30B57400DA7FB5 /* HeatFeastTests.xctest */ = {isa = PBXFileReference; explicitFileType = wrapper.cfbundle; includeInIndex = 0; path = HeatFeastTests.xctest; sourceTree = BUILT_PRODUCTS_DIR; };
		A57A4C071A30B57400DA7FB5 /* Info.plist */ = {isa = PBXFileReference; lastKnownFileType = text.plist.xml; path = Info.plist; sourceTree = "<group>"; };
		A57A4C081A30B57400DA7FB5 /* HeatFeastTests.m */ = {isa = PBXFileReference; lastKnownFileType = sourcecode.c.objc; path = HeatFeastTests.m; sourceTree = "<group>"; };
/* End PBXFileReference section */

/* Begin PBXFrameworksBuildPhase section */
		A57A4BE31A30B57400DA7FB5 /* Frameworks */ = {
			isa = PBXFrameworksBuildPhase;
			buildActionMask = 2147483647;
			files = (
			);
			runOnlyForDeploymentPostprocessing = 0;
		};
		A57A4BFF1A30B57400DA7FB5 /* Frameworks */ = {
			isa = PBXFrameworksBuildPhase;
			buildActionMask = 2147483647;
			files = (
			);
			runOnlyForDeploymentPostprocessing = 0;
		};
/* End PBXFrameworksBuildPhase section */

/* Begin PBXGroup section */
		A57A4BDD1A30B57400DA7FB5 = {
			isa = PBXGroup;
			children = (
				A57A4BE81A30B57400DA7FB5 /* HeatFeast */,
				A57A4C051A30B57400DA7FB5 /* HeatFeastTests */,
				A57A4BE71A30B57400DA7FB5 /* Products */,
			);
			sourceTree = "<group>";
		};
		A57A4BE71A30B57400DA7FB5 /* Products */ = {
			isa = PBXGroup;
			children = (
				A57A4BE61A30B57400DA7FB5 /* HeatFeast.app */,
				A57A4C021A30B57400DA7FB5 /* HeatFeastTests.xctest */,
			);
			name = Products;
			sourceTree = "<group>";
		};
		A57A4BE81A30B57400DA7FB5 /* HeatFeast */ = {
			isa = PBXGroup;
			children = (
				A57A4BED1A30B57400DA7FB5 /* AppDelegate.h */,
				A57A4BEE1A30B57400DA7FB5 /* AppDelegate.m */,
				A57A4BF01A30B57400DA7FB5 /* FirstViewController.h */,
				A57A4BF11A30B57400DA7FB5 /* FirstViewController.mm */,
				A57A4BF31A30B57400DA7FB5 /* SecondViewController.h */,
				A57A4BF41A30B57400DA7FB5 /* SecondViewController.m */,
				A57A4BF61A30B57400DA7FB5 /* Main.storyboard */,
				A57A4BF91A30B57400DA7FB5 /* Images.xcassets */,
				A57A4BFB1A30B57400DA7FB5 /* LaunchScreen.xib */,
				A57A4BE91A30B57400DA7FB5 /* Supporting Files */,
			);
			path = HeatFeast;
			sourceTree = "<group>";
		};
		A57A4BE91A30B57400DA7FB5 /* Supporting Files */ = {
			isa = PBXGroup;
			children = (
				A57A4BEA1A30B57400DA7FB5 /* Info.plist */,
				A57A4BEB1A30B57400DA7FB5 /* main.m */,
			);
			name = "Supporting Files";
			sourceTree = "<group>";
		};
		A57A4C051A30B57400DA7FB5 /* HeatFeastTests */ = {
			isa = PBXGroup;
			children = (
				A57A4C081A30B57400DA7FB5 /* HeatFeastTests.m */,
				A57A4C061A30B57400DA7FB5 /* Supporting Files */,
			);
			path = HeatFeastTests;
			sourceTree = "<group>";
		};
		A57A4C061A30B57400DA7FB5 /* Supporting Files */ = {
			isa = PBXGroup;
			children = (
				A57A4C071A30B57400DA7FB5 /* Info.plist */,
			);
			name = "Supporting Files";
			sourceTree = "<group>";
		};
/* End PBXGroup section */

/* Begin PBXNativeTarget section */
		A57A4BE51A30B57400DA7FB5 /* HeatFeast */ = {
			isa = PBXNativeTarget;
			buildConfigurationList = A57A4C0C1A30B57400DA7FB5 /* Build configuration list for PBXNativeTarget "HeatFeast" */;
			buildPhases = (
				A57A4BE21A30B57400DA7FB5 /* Sources */,
				A57A4BE31A30B57400DA7FB5 /* Frameworks */,
				A57A4BE41A30B57400DA7FB5 /* Resources */,
			);
			buildRules = (
			);
			dependencies = (
			);
			name = HeatFeast;
			productName = HeatFeast;
			productReference = A57A4BE61A30B57400DA7FB5 /* HeatFeast.app */;
			productType = "com.apple.product-type.application";
		};
		A57A4C011A30B57400DA7FB5 /* HeatFeastTests */ = {
			isa = PBXNativeTarget;
			buildConfigurationList = A57A4C0F1A30B57400DA7FB5 /* Build configuration list for PBXNativeTarget "HeatFeastTests" */;
			buildPhases = (
				A57A4BFE1A30B57400DA7FB5 /* Sources */,
				A57A4BFF1A30B57400DA7FB5 /* Frameworks */,
				A57A4C001A30B57400DA7FB5 /* Resources */,
			);
			buildRules = (
			);
			dependencies = (
				A57A4C041A30B57400DA7FB5 /* PBXTargetDependency */,
			);
			name = HeatFeastTests;
			productName = HeatFeastTests;
			productReference = A57A4C021A30B57400DA7FB5 /* HeatFeastTests.xctest */;
			productType = "com.apple.product-type.bundle.unit-test";
		};
/* End PBXNativeTarget section */

/* Begin PBXProject section */
		A57A4BDE1A30B57400DA7FB5 /* Project object */ = {
			isa = PBXProject;
			attributes = {
				LastUpgradeCheck = 0610;
				ORGANIZATIONNAME = AngryPowman;
				TargetAttributes = {
					A57A4BE51A30B57400DA7FB5 = {
						CreatedOnToolsVersion = 6.1;
					};
					A57A4C011A30B57400DA7FB5 = {
						CreatedOnToolsVersion = 6.1;
						TestTargetID = A57A4BE51A30B57400DA7FB5;
					};
				};
			};
			buildConfigurationList = A57A4BE11A30B57400DA7FB5 /* Build configuration list for PBXProject "HeatFeast" */;
			compatibilityVersion = "Xcode 3.2";
			developmentRegion = English;
			hasScannedForEncodings = 0;
			knownRegions = (
				en,
				Base,
			);
			mainGroup = A57A4BDD1A30B57400DA7FB5;
			productRefGroup = A57A4BE71A30B57400DA7FB5 /* Products */;
			projectDirPath = "";
			projectRoot = "";
			targets = (
				A57A4BE51A30B57400DA7FB5 /* HeatFeast */,
				A57A4C011A30B57400DA7FB5 /* HeatFeastTests */,
			);
		};
/* End PBXProject section */

/* Begin PBXResourcesBuildPhase section */
		A57A4BE41A30B57400DA7FB5 /* Resources */ = {
			isa = PBXResourcesBuildPhase;
			buildActionMask = 2147483647;
			files = (
				A57A4BF81A30B57400DA7FB5 /* Main.storyboard in Resources */,
				A57A4BFD1A30B57400DA7FB5 /* LaunchScreen.xib in Resources */,
				A57A4BFA1A30B57400DA7FB5 /* Images.xcassets in Resources */,
			);
			runOnlyForDeploymentPostprocessing = 0;
		};
		A57A4C001A30B57400DA7FB5 /* Resources */ = {
			isa = PBXResourcesBuildPhase;
			buildActionMask = 2147483647;
			files = (
			);
			runOnlyForDeploymentPostprocessing = 0;
		};
/* End PBXResourcesBuildPhase section */

/* Begin PBXSourcesBuildPhase section */
		A57A4BE21A30B57400DA7FB5 /* Sources */ = {
			isa = PBXSourcesBuildPhase;
			buildActionMask = 2147483647;
			files = (
				A57A4BF51A30B57400DA7FB5 /* SecondViewController.m in Sources */,
				A57A4BEF1A30B57400DA7FB5 /* AppDelegate.m in Sources */,
				A57A4BF21A30B57400DA7FB5 /* FirstViewController.mm in Sources */,
				A57A4BEC1A30B57400DA7FB5 /* main.m in Sources */,
			);
			runOnlyForDeploymentPostprocessing = 0;
		};
		A57A4BFE1A30B57400DA7FB5 /* Sources */ = {
			isa = PBXSourcesBuildPhase;
			buildActionMask = 2147483647;
			files = (
				A57A4C091A30B57400DA7FB5 /* HeatFeastTests.m in Sources */,
			);
			runOnlyForDeploymentPostprocessing = 0;
		};
/* End PBXSourcesBuildPhase section */

/* Begin PBXTargetDependency section */
		A57A4C041A30B57400DA7FB5 /* PBXTargetDependency */ = {
			isa = PBXTargetDependency;
			target = A57A4BE51A30B57400DA7FB5 /* HeatFeast */;
			targetProxy = A57A4C031A30B57400DA7FB5 /* PBXContainerItemProxy */;
		};
/* End PBXTargetDependency section */

/* Begin PBXVariantGroup section */
		A57A4BF61A30B57400DA7FB5 /* Main.storyboard */ = {
			isa = PBXVariantGroup;
			children = (
				A57A4BF71A30B57400DA7FB5 /* Base */,
			);
			name = Main.storyboard;
			sourceTree = "<group>";
		};
		A57A4BFB1A30B57400DA7FB5 /* LaunchScreen.xib */ = {
			isa = PBXVariantGroup;
			children = (
				A57A4BFC1A30B57400DA7FB5 /* Base */,
			);
			name = LaunchScreen.xib;
			sourceTree = "<group>";
		};
/* End PBXVariantGroup section */

/* Begin XCBuildConfiguration section */
		A57A4C0A1A30B57400DA7FB5 /* Debug */ = {
			isa = XCBuildConfiguration;
			buildSettings = {
				ALWAYS_SEARCH_USER_PATHS = NO;
				CLANG_CXX_LANGUAGE_STANDARD = "c++0x";
				CLANG_CXX_LIBRARY = "libc++";
				CLANG_ENABLE_MODULES = YES;
				CLANG_ENABLE_OBJC_ARC = YES;
				CLANG_WARN_BOOL_CONVERSION = YES;
				CLANG_WARN_CONSTANT_CONVERSION = YES;
				CLANG_WARN_DIRECT_OBJC_ISA_USAGE = YES_ERROR;
				CLANG_WARN_EMPTY_BODY = YES;
				CLANG_WARN_ENUM_CONVERSION = YES;
				CLANG_WARN_INT_CONVERSION = YES;
				CLANG_WARN_OBJC_ROOT_CLASS = YES_ERROR;
				CLANG_WARN_UNREACHABLE_CODE = YES;
				CLANG_WARN__DUPLICATE_METHOD_MATCH = YES;
				"CODE_SIGN_IDENTITY[sdk=iphoneos*]" = "iPhone Developer";
				COPY_PHASE_STRIP = NO;
				ENABLE_STRICT_OBJC_MSGSEND = YES;
				GCC_C_LANGUAGE_STANDARD = gnu99;
				GCC_DYNAMIC_NO_PIC = NO;
				GCC_OPTIMIZATION_LEVEL = 0;
				GCC_PREPROCESSOR_DEFINITIONS = (
					"DEBUG=1",
					"$(inherited)",
				);
				GCC_SYMBOLS_PRIVATE_EXTERN = NO;
				GCC_WARN_64_TO_32_BIT_CONVERSION = YES;
				GCC_WARN_ABOUT_RETURN_TYPE = YES_ERROR;
				GCC_WARN_UNDECLARED_SELECTOR = YES;
				GCC_WARN_UNINITIALIZED_AUTOS = YES_AGGRESSIVE;
				GCC_WARN_UNUSED_FUNCTION = YES;
				GCC_WARN_UNUSED_VARIABLE = YES;
				IPHONEOS_DEPLOYMENT_TARGET = 8.1;
				MTL_ENABLE_DEBUG_INFO = YES;
				ONLY_ACTIVE_ARCH = YES;
				SDKROOT = iphoneos;
			};
			name = Debug;
		};
		A57A4C0B1A30B57400DA7FB5 /* Release */ = {
			isa = XCBuildConfiguration;
			buildSettings = {
				ALWAYS_SEARCH_USER_PATHS = NO;
				CLANG_CXX_LANGUAGE_STANDARD = "c++0x";
				CLANG_CXX_LIBRARY = "libc++";
				CLANG_ENABLE_MODULES = YES;
				CLANG_ENABLE_OBJC_ARC = YES;
				CLANG_WARN_BOOL_CONVERSION = YES;
				CLANG_WARN_CONSTANT_CONVERSION = YES;
				CLANG_WARN_DIRECT_OBJC_ISA_USAGE = YES_ERROR;
				CLANG_WARN_EMPTY_BODY = YES;
				CLANG_WARN_ENUM_CONVERSION = YES;
				CLANG_WARN_INT_CONVERSION = YES;
				CLANG_WARN_OBJC_ROOT_CLASS = YES_ERROR;
				CLANG_WARN_UNREACHABLE_CODE = YES;
				CLANG_WARN__DUPLICATE_METHOD_MATCH = YES;
				"CODE_SIGN_IDENTITY[sdk=iphoneos*]" = "iPhone Developer";
				COPY_PHASE_STRIP = YES;
				ENABLE_NS_ASSERTIONS = NO;
				ENABLE_STRICT_OBJC_MSGSEND = YES;
				GCC_C_LANGUAGE_STANDARD = gnu99;
				GCC_WARN_64_TO_32_BIT_CONVERSION = YES;
				GCC_WARN_ABOUT_RETURN_TYPE = YES_ERROR;
				GCC_WARN_UNDECLARED_SELECTOR = YES;
				GCC_WARN_UNINITIALIZED_AUTOS = YES_AGGRESSIVE;
				GCC_WARN_UNUSED_FUNCTION = YES;
				GCC_WARN_UNUSED_VARIABLE = YES;
				IPHONEOS_DEPLOYMENT_TARGET = 8.1;
				MTL_ENABLE_DEBUG_INFO = NO;
				SDKROOT = iphoneos;
				VALIDATE_PRODUCT = YES;
			};
			name = Release;
		};
		A57A4C0D1A30B57400DA7FB5 /* Debug */ = {
			isa = XCBuildConfiguration;
			buildSettings = {
				ASSETCATALOG_COMPILER_APPICON_NAME = AppIcon;
				ASSETCATALOG_COMPILER_LAUNCHIMAGE_NAME = LaunchImage;
				INFOPLIST_FILE = HeatFeast/Info.plist;
				IPHONEOS_DEPLOYMENT_TARGET = 6.0;
				LD_RUNPATH_SEARCH_PATHS = "$(inherited) @executable_path/Frameworks";
				PRODUCT_NAME = "$(TARGET_NAME)";
			};
			name = Debug;
		};
		A57A4C0E1A30B57400DA7FB5 /* Release */ = {
			isa = XCBuildConfiguration;
			buildSettings = {
				ASSETCATALOG_COMPILER_APPICON_NAME = AppIcon;
				ASSETCATALOG_COMPILER_LAUNCHIMAGE_NAME = LaunchImage;
				INFOPLIST_FILE = HeatFeast/Info.plist;
				IPHONEOS_DEPLOYMENT_TARGET = 6.0;
				LD_RUNPATH_SEARCH_PATHS = "$(inherited) @executable_path/Frameworks";
				PRODUCT_NAME = "$(TARGET_NAME)";
			};
			name = Release;
		};
		A57A4C101A30B57400DA7FB5 /* Debug */ = {
			isa = XCBuildConfiguration;
			buildSettings = {
				BUNDLE_LOADER = "$(TEST_HOST)";
				FRAMEWORK_SEARCH_PATHS = (
					"$(SDKROOT)/Developer/Library/Frameworks",
					"$(inherited)",
				);
				GCC_PREPROCESSOR_DEFINITIONS = (
					"DEBUG=1",
					"$(inherited)",
				);
				INFOPLIST_FILE = HeatFeastTests/Info.plist;
				LD_RUNPATH_SEARCH_PATHS = "$(inherited) @executable_path/Frameworks @loader_path/Frameworks";
				PRODUCT_NAME = "$(TARGET_NAME)";
				TEST_HOST = "$(BUILT_PRODUCTS_DIR)/HeatFeast.app/HeatFeast";
			};
			name = Debug;
		};
		A57A4C111A30B57400DA7FB5 /* Release */ = {
			isa = XCBuildConfiguration;
			buildSettings = {
				BUNDLE_LOADER = "$(TEST_HOST)";
				FRAMEWORK_SEARCH_PATHS = (
					"$(SDKROOT)/Developer/Library/Frameworks",
					"$(inherited)",
				);
				INFOPLIST_FILE = HeatFeastTests/Info.plist;
				LD_RUNPATH_SEARCH_PATHS = "$(inherited) @executable_path/Frameworks @loader_path/Frameworks";
				PRODUCT_NAME = "$(TARGET_NAME)";
				TEST_HOST = "$(BUILT_PRODUCTS_DIR)/HeatFeast.app/HeatFeast";
			};
			name = Release;
		};
/* End XCBuildConfiguration section */

/* Begin XCConfigurationList section */
		A57A4BE11A30B57400DA7FB5 /* Build configuration list for PBXProject "HeatFeast" */ = {
			isa = XCConfigurationList;
			buildConfigurations = (
				A57A4C0A1A30B57400DA7FB5 /* Debug */,
				A57A4C0B1A30B57400DA7FB5 /* Release */,
			);
			defaultConfigurationIsVisible = 0;
			defaultConfigurationName = Release;
		};
		A57A4C0C1A30B57400DA7FB5 /* Build configuration list for PBXNativeTarget "HeatFeast" */ = {
			isa = XCConfigurationList;
			buildConfigurations = (
				A57A4C0D1A30B57400DA7FB5 /* Debug */,
				A57A4C0E1A30B57400DA7FB5 /* Release */,
			);
			defaultConfigurationIsVisible = 0;
			defaultConfigurationName = Release;
		};
		A57A4C0F1A30B57400DA7FB5 /* Build configuration list for PBXNativeTarget "HeatFeastTests" */ = {
			isa = XCConfigurationList;
			buildConfigurations = (
				A57A4C101A30B57400DA7FB5 /* Debug */,
				A57A4C111A30B57400DA7FB5 /* Release */,
			);
			defaultConfigurationIsVisible = 0;
			defaultConfigurationName = Release;
		};
/* End XCConfigurationList section */
	};
	rootObject = A57A4BDE1A30B57400DA7FB5 /* Project object */;
}
